
Microsoft Visual Studio Solution File, Format Version 12.00
# Visual Studio 15
VisualStudioVersion = 15.0.26124.0
MinimumVisualStudioVersion = 15.0.26124.0
Project("{2150E333-8FDC-42A3-9474-1A3956D46DE8}") = "src", "src", "{393C9935-B881-408F-B5C4-D3822C572901}"
EndProject
Project("{FAE04EC0-301F-11D3-BF4B-00C04F79EFBC}") = "Business", "src\Business\Business.csproj", "{7F9B0551-D1D5-4341-A86A-815FDE78C194}"
EndProject
Project("{FAE04EC0-301F-11D3-BF4B-00C04F79EFBC}") = "Data", "src\Data\Data.csproj", "{257711DA-36BF-47FC-A753-E57C40953A95}"
EndProject
Project("{FAE04EC0-301F-11D3-BF4B-00C04F79EFBC}") = "WebApi", "src\WebApi\WebApi.csproj", "{1E27C599-E1A9-4F63-B7C0-1F1D6AE5A37B}"
EndProject
Global
	GlobalSection(SolutionConfigurationPlatforms) = preSolution
		Debug|Any CPU = Debug|Any CPU
		Debug|x64 = Debug|x64
		Debug|x86 = Debug|x86
		Release|Any CPU = Release|Any CPU
		Release|x64 = Release|x64
		Release|x86 = Release|x86
	EndGlobalSection
	GlobalSection(SolutionProperties) = preSolution
		HideSolutionNode = FALSE
	EndGlobalSection
	GlobalSection(ProjectConfigurationPlatforms) = postSolution
		{7F9B0551-D1D5-4341-A86A-815FDE78C194}.Debug|Any CPU.ActiveCfg = Debug|Any CPU
		{7F9B0551-D1D5-4341-A86A-815FDE78C194}.Debug|Any CPU.Build.0 = Debug|Any CPU
		{7F9B0551-D1D5-4341-A86A-815FDE78C194}.Debug|x64.ActiveCfg = Debug|Any CPU
		{7F9B0551-D1D5-4341-A86A-815FDE78C194}.Debug|x64.Build.0 = Debug|Any CPU
		{7F9B0551-D1D5-4341-A86A-815FDE78C194}.Debug|x86.ActiveCfg = Debug|Any CPU
		{7F9B0551-D1D5-4341-A86A-815FDE78C194}.Debug|x86.Build.0 = Debug|Any CPU
		{7F9B0551-D1D5-4341-A86A-815FDE78C194}.Release|Any CPU.ActiveCfg = Release|Any CPU
		{7F9B0551-D1D5-4341-A86A-815FDE78C194}.Release|Any CPU.Build.0 = Release|Any CPU
		{7F9B0551-D1D5-4341-A86A-815FDE78C194}.Release|x64.ActiveCfg = Release|Any CPU
		{7F9B0551-D1D5-4341-A86A-815FDE78C194}.Release|x64.Build.0 = Release|Any CPU
		{7F9B0551-D1D5-4341-A86A-815FDE78C194}.Release|x86.ActiveCfg = Release|Any CPU
		{7F9B0551-D1D5-4341-A86A-815FDE78C194}.Release|x86.Build.0 = Release|Any CPU
		{257711DA-36BF-47FC-A753-E57C40953A95}.Debug|Any CPU.ActiveCfg = Debug|Any CPU
		{257711DA-36BF-47FC-A753-E57C40953A95}.Debug|Any CPU.Build.0 = Debug|Any CPU
		{257711DA-36BF-47FC-A753-E57C40953A95}.Debug|x64.ActiveCfg = Debug|Any CPU
		{257711DA-36BF-47FC-A753-E57C40953A95}.Debug|x64.Build.0 = Debug|Any CPU
		{257711DA-36BF-47FC-A753-E57C40953A95}.Debug|x86.ActiveCfg = Debug|Any CPU
		{257711DA-36BF-47FC-A753-E57C40953A95}.Debug|x86.Build.0 = Debug|Any CPU
		{257711DA-36BF-47FC-A753-E57C40953A95}.Release|Any CPU.ActiveCfg = Release|Any CPU
		{257711DA-36BF-47FC-A753-E57C40953A95}.Release|Any CPU.Build.0 = Release|Any CPU
		{257711DA-36BF-47FC-A753-E57C40953A95}.Release|x64.ActiveCfg = Release|Any CPU
		{257711DA-36BF-47FC-A753-E57C40953A95}.Release|x64.Build.0 = Release|Any CPU
		{257711DA-36BF-47FC-A753-E57C40953A95}.Release|x86.ActiveCfg = Release|Any CPU
		{257711DA-36BF-47FC-A753-E57C40953A95}.Release|x86.Build.0 = Release|Any CPU
		{1E27C599-E1A9-4F63-B7C0-1F1D6AE5A37B}.Debug|Any CPU.ActiveCfg = Debug|Any CPU
		{1E27C599-E1A9-4F63-B7C0-1F1D6AE5A37B}.Debug|Any CPU.Build.0 = Debug|Any CPU
		{1E27C599-E1A9-4F63-B7C0-1F1D6AE5A37B}.Debug|x64.ActiveCfg = Debug|Any CPU
		{1E27C599-E1A9-4F63-B7C0-1F1D6AE5A37B}.Debug|x64.Build.0 = Debug|Any CPU
		{1E27C599-E1A9-4F63-B7C0-1F1D6AE5A37B}.Debug|x86.ActiveCfg = Debug|Any CPU
		{1E27C599-E1A9-4F63-B7C0-1F1D6AE5A37B}.Debug|x86.Build.0 = Debug|Any CPU
		{1E27C599-E1A9-4F63-B7C0-1F1D6AE5A37B}.Release|Any CPU.ActiveCfg = Release|Any CPU
		{1E27C599-E1A9-4F63-B7C0-1F1D6AE5A37B}.Release|Any CPU.Build.0 = Release|Any CPU
		{1E27C599-E1A9-4F63-B7C0-1F1D6AE5A37B}.Release|x64.ActiveCfg = Release|Any CPU
		{1E27C599-E1A9-4F63-B7C0-1F1D6AE5A37B}.Release|x64.Build.0 = Release|Any CPU
		{1E27C599-E1A9-4F63-B7C0-1F1D6AE5A37B}.Release|x86.ActiveCfg = Release|Any CPU
		{1E27C599-E1A9-4F63-B7C0-1F1D6AE5A37B}.Release|x86.Build.0 = Release|Any CPU
	EndGlobalSection
	GlobalSection(NestedProjects) = preSolution
		{7F9B0551-D1D5-4341-A86A-815FDE78C194} = {393C9935-B881-408F-B5C4-D3822C572901}
		{257711DA-36BF-47FC-A753-E57C40953A95} = {393C9935-B881-408F-B5C4-D3822C572901}
		{1E27C599-E1A9-4F63-B7C0-1F1D6AE5A37B} = {393C9935-B881-408F-B5C4-D3822C572901}
	EndGlobalSection
EndGlobal
